
Microsoft Visual Studio Solution File, Format Version 12.00
# Visual Studio Version 16
VisualStudioVersion = 16.0.30717.126
MinimumVisualStudioVersion = 10.0.40219.1
Project("{FAE04EC0-301F-11D3-BF4B-00C04F79EFBC}") = "Server", "Server\Server.csproj", "{0239CADB-40E1-47B0-97E2-1BF93CE2E60C}"
EndProject
Global
	GlobalSection(SolutionConfigurationPlatforms) = preSolution
		Debug|Any CPU = Debug|Any CPU
		Release|Any CPU = Release|Any CPU
	EndGlobalSection
	GlobalSection(ProjectConfigurationPlatforms) = postSolution
		{0239CADB-40E1-47B0-97E2-1BF93CE2E60C}.Debug|Any CPU.ActiveCfg = Debug|Any CPU
		{0239CADB-40E1-47B0-97E2-1BF93CE2E60C}.Debug|Any CPU.Build.0 = Debug|Any CPU
		{0239CADB-40E1-47B0-97E2-1BF93CE2E60C}.Release|Any CPU.ActiveCfg = Release|Any CPU
		{0239CADB-40E1-47B0-97E2-1BF93CE2E60C}.Release|Any CPU.Build.0 = Release|Any CPU
	EndGlobalSection
	GlobalSection(SolutionProperties) = preSolution
		HideSolutionNode = FALSE
	EndGlobalSection
	GlobalSection(ExtensibilityGlobals) = postSolution
		SolutionGuid = {A99DC827-C28B-4218-900D-57C56B092D8E}
	EndGlobalSection
EndGlobal
